
Microsoft Visual Studio Solution File, Format Version 12.00
# Visual Studio Version 17
VisualStudioVersion = 17.7.34031.279
MinimumVisualStudioVersion = 10.0.40219.1
Project("{FAE04EC0-301F-11D3-BF4B-00C04F79EFBC}") = "MvcMovie", "MvcMovie\MvcMovie.csproj", "{9205322C-FD37-4B5E-B202-46CB4B34F217}"
EndProject
Global
	GlobalSection(SolutionConfigurationPlatforms) = preSolution
		Debug|Any CPU = Debug|Any CPU
		Release|Any CPU = Release|Any CPU
	EndGlobalSection
	GlobalSection(ProjectConfigurationPlatforms) = postSolution
		{9205322C-FD37-4B5E-B202-46CB4B34F217}.Debug|Any CPU.ActiveCfg = Debug|Any CPU
		{9205322C-FD37-4B5E-B202-46CB4B34F217}.Debug|Any CPU.Build.0 = Debug|Any CPU
		{9205322C-FD37-4B5E-B202-46CB4B34F217}.Release|Any CPU.ActiveCfg = Release|Any CPU
		{9205322C-FD37-4B5E-B202-46CB4B34F217}.Release|Any CPU.Build.0 = Release|Any CPU
	EndGlobalSection
	GlobalSection(SolutionProperties) = preSolution
		HideSolutionNode = FALSE
	EndGlobalSection
	GlobalSection(ExtensibilityGlobals) = postSolution
		SolutionGuid = {3BB19D83-0F8A-45E6-8E47-E96CF87E37A5}
	EndGlobalSection
EndGlobal
